
Microsoft Visual Studio Solution File, Format Version 12.00
# Visual Studio Version 17
VisualStudioVersion = 17.3.32825.248
MinimumVisualStudioVersion = 10.0.40219.1
Project("{FAE04EC0-301F-11D3-BF4B-00C04F79EFBC}") = "ToDoAPI", "ToDoAPI.csproj", "{D170C2ED-852D-4C04-8A3F-3338988365AF}"
EndProject
Global
	GlobalSection(SolutionConfigurationPlatforms) = preSolution
		Debug|Any CPU = Debug|Any CPU
		Release|Any CPU = Release|Any CPU
	EndGlobalSection
	GlobalSection(ProjectConfigurationPlatforms) = postSolution
		{D170C2ED-852D-4C04-8A3F-3338988365AF}.Debug|Any CPU.ActiveCfg = Debug|Any CPU
		{D170C2ED-852D-4C04-8A3F-3338988365AF}.Debug|Any CPU.Build.0 = Debug|Any CPU
		{D170C2ED-852D-4C04-8A3F-3338988365AF}.Release|Any CPU.ActiveCfg = Release|Any CPU
		{D170C2ED-852D-4C04-8A3F-3338988365AF}.Release|Any CPU.Build.0 = Release|Any CPU
	EndGlobalSection
	GlobalSection(SolutionProperties) = preSolution
		HideSolutionNode = FALSE
	EndGlobalSection
	GlobalSection(ExtensibilityGlobals) = postSolution
		SolutionGuid = {B065B6F9-3A69-4285-AC53-761CAF17FBBD}
	EndGlobalSection
EndGlobal
